// !$*UTF8*$!
{
	archiveVersion = 1;
	classes = {
	};
	objectVersion = 55;
	objects = {

/* Begin PBXBuildFile section */
		32FB0DDA2884217D0086BF68 /* TwitterApp.swift in Sources */ = {isa = PBXBuildFile; fileRef = 32FB0DD92884217D0086BF68 /* TwitterApp.swift */; };
		32FB0DDC2884217D0086BF68 /* ContentView.swift in Sources */ = {isa = PBXBuildFile; fileRef = 32FB0DDB2884217D0086BF68 /* ContentView.swift */; };
		32FB0DDE2884217F0086BF68 /* Assets.xcassets in Resources */ = {isa = PBXBuildFile; fileRef = 32FB0DDD2884217F0086BF68 /* Assets.xcassets */; };
		32FB0DE12884217F0086BF68 /* Preview Assets.xcassets in Resources */ = {isa = PBXBuildFile; fileRef = 32FB0DE02884217F0086BF68 /* Preview Assets.xcassets */; };
		32FB0DF12884224A0086BF68 /* FeedView.swift in Sources */ = {isa = PBXBuildFile; fileRef = 32FB0DF02884224A0086BF68 /* FeedView.swift */; };
		32FB0DF4288423630086BF68 /* TweetRowView.swift in Sources */ = {isa = PBXBuildFile; fileRef = 32FB0DF3288423620086BF68 /* TweetRowView.swift */; };
		32FB0DF828842B4E0086BF68 /* MainTabView.swift in Sources */ = {isa = PBXBuildFile; fileRef = 32FB0DF728842B4E0086BF68 /* MainTabView.swift */; };
		32FB0DFD28842CD50086BF68 /* ExploreView.swift in Sources */ = {isa = PBXBuildFile; fileRef = 32FB0DFC28842CD50086BF68 /* ExploreView.swift */; };
		32FB0DFF28842CF50086BF68 /* NotificationView.swift in Sources */ = {isa = PBXBuildFile; fileRef = 32FB0DFE28842CF50086BF68 /* NotificationView.swift */; };
		32FB0E0128842D100086BF68 /* ProfileView.swift in Sources */ = {isa = PBXBuildFile; fileRef = 32FB0E0028842D100086BF68 /* ProfileView.swift */; };
		32FB0E06288447420086BF68 /* TweetFilterViewModel.swift in Sources */ = {isa = PBXBuildFile; fileRef = 32FB0E05288447420086BF68 /* TweetFilterViewModel.swift */; };
		32FB0E0B288455E00086BF68 /* UserRowView.swift in Sources */ = {isa = PBXBuildFile; fileRef = 32FB0E0A288455E00086BF68 /* UserRowView.swift */; };
		32FB0E10288462C30086BF68 /* SideMenuView.swift in Sources */ = {isa = PBXBuildFile; fileRef = 32FB0E0F288462C30086BF68 /* SideMenuView.swift */; };
		32FB0E12288462DA0086BF68 /* SideMenuOptionsView.swift in Sources */ = {isa = PBXBuildFile; fileRef = 32FB0E11288462DA0086BF68 /* SideMenuOptionsView.swift */; };
		32FB0E14288462EA0086BF68 /* SideMenuViewModel.swift in Sources */ = {isa = PBXBuildFile; fileRef = 32FB0E13288462EA0086BF68 /* SideMenuViewModel.swift */; };
		32FB0E162884A95D0086BF68 /* UserStatsView.swift in Sources */ = {isa = PBXBuildFile; fileRef = 32FB0E152884A95D0086BF68 /* UserStatsView.swift */; };
		32FB0E1B2885841C0086BF68 /* NewTweetView.swift in Sources */ = {isa = PBXBuildFile; fileRef = 32FB0E1A2885841C0086BF68 /* NewTweetView.swift */; };
		32FB0E1D288585560086BF68 /* TextArea.swift in Sources */ = {isa = PBXBuildFile; fileRef = 32FB0E1C288585560086BF68 /* TextArea.swift */; };
/* End PBXBuildFile section */

/* Begin PBXFileReference section */
		32FB0DD62884217D0086BF68 /* Twitter.app */ = {isa = PBXFileReference; explicitFileType = wrapper.application; includeInIndex = 0; path = Twitter.app; sourceTree = BUILT_PRODUCTS_DIR; };
		32FB0DD92884217D0086BF68 /* TwitterApp.swift */ = {isa = PBXFileReference; lastKnownFileType = sourcecode.swift; path = TwitterApp.swift; sourceTree = "<group>"; };
		32FB0DDB2884217D0086BF68 /* ContentView.swift */ = {isa = PBXFileReference; lastKnownFileType = sourcecode.swift; path = ContentView.swift; sourceTree = "<group>"; };
		32FB0DDD2884217F0086BF68 /* Assets.xcassets */ = {isa = PBXFileReference; lastKnownFileType = folder.assetcatalog; path = Assets.xcassets; sourceTree = "<group>"; };
		32FB0DE02884217F0086BF68 /* Preview Assets.xcassets */ = {isa = PBXFileReference; lastKnownFileType = folder.assetcatalog; path = "Preview Assets.xcassets"; sourceTree = "<group>"; };
		32FB0DF02884224A0086BF68 /* FeedView.swift */ = {isa = PBXFileReference; lastKnownFileType = sourcecode.swift; path = FeedView.swift; sourceTree = "<group>"; };
		32FB0DF3288423620086BF68 /* TweetRowView.swift */ = {isa = PBXFileReference; lastKnownFileType = sourcecode.swift; path = TweetRowView.swift; sourceTree = "<group>"; };
		32FB0DF728842B4E0086BF68 /* MainTabView.swift */ = {isa = PBXFileReference; lastKnownFileType = sourcecode.swift; path = MainTabView.swift; sourceTree = "<group>"; };
		32FB0DFC28842CD50086BF68 /* ExploreView.swift */ = {isa = PBXFileReference; lastKnownFileType = sourcecode.swift; path = ExploreView.swift; sourceTree = "<group>"; };
		32FB0DFE28842CF50086BF68 /* NotificationView.swift */ = {isa = PBXFileReference; lastKnownFileType = sourcecode.swift; path = NotificationView.swift; sourceTree = "<group>"; };
		32FB0E0028842D100086BF68 /* ProfileView.swift */ = {isa = PBXFileReference; lastKnownFileType = sourcecode.swift; path = ProfileView.swift; sourceTree = "<group>"; };
		32FB0E05288447420086BF68 /* TweetFilterViewModel.swift */ = {isa = PBXFileReference; lastKnownFileType = sourcecode.swift; path = TweetFilterViewModel.swift; sourceTree = "<group>"; };
		32FB0E0A288455E00086BF68 /* UserRowView.swift */ = {isa = PBXFileReference; lastKnownFileType = sourcecode.swift; path = UserRowView.swift; sourceTree = "<group>"; };
		32FB0E0F288462C30086BF68 /* SideMenuView.swift */ = {isa = PBXFileReference; lastKnownFileType = sourcecode.swift; path = SideMenuView.swift; sourceTree = "<group>"; };
		32FB0E11288462DA0086BF68 /* SideMenuOptionsView.swift */ = {isa = PBXFileReference; lastKnownFileType = sourcecode.swift; path = SideMenuOptionsView.swift; sourceTree = "<group>"; };
		32FB0E13288462EA0086BF68 /* SideMenuViewModel.swift */ = {isa = PBXFileReference; lastKnownFileType = sourcecode.swift; path = SideMenuViewModel.swift; sourceTree = "<group>"; };
		32FB0E152884A95D0086BF68 /* UserStatsView.swift */ = {isa = PBXFileReference; lastKnownFileType = sourcecode.swift; path = UserStatsView.swift; sourceTree = "<group>"; };
		32FB0E1A2885841C0086BF68 /* NewTweetView.swift */ = {isa = PBXFileReference; lastKnownFileType = sourcecode.swift; path = NewTweetView.swift; sourceTree = "<group>"; };
		32FB0E1C288585560086BF68 /* TextArea.swift */ = {isa = PBXFileReference; lastKnownFileType = sourcecode.swift; path = TextArea.swift; sourceTree = "<group>"; };
/* End PBXFileReference section */

/* Begin PBXFrameworksBuildPhase section */
		32FB0DD32884217D0086BF68 /* Frameworks */ = {
			isa = PBXFrameworksBuildPhase;
			buildActionMask = 2147483647;
			files = (
			);
			runOnlyForDeploymentPostprocessing = 0;
		};
/* End PBXFrameworksBuildPhase section */

/* Begin PBXGroup section */
		32FB0DCD2884217D0086BF68 = {
			isa = PBXGroup;
			children = (
				32FB0DD82884217D0086BF68 /* Twitter */,
				32FB0DD72884217D0086BF68 /* Products */,
			);
			sourceTree = "<group>";
		};
		32FB0DD72884217D0086BF68 /* Products */ = {
			isa = PBXGroup;
			children = (
				32FB0DD62884217D0086BF68 /* Twitter.app */,
			);
			name = Products;
			sourceTree = "<group>";
		};
		32FB0DD82884217D0086BF68 /* Twitter */ = {
			isa = PBXGroup;
			children = (
				32FB0DEB288421DB0086BF68 /* Core */,
				32FB0DEA288421CE0086BF68 /* Service */,
				32FB0DE8288421AD0086BF68 /* Model */,
				32FB0DE7288421990086BF68 /* Extensions */,
				32FB0DD92884217D0086BF68 /* TwitterApp.swift */,
				32FB0DDB2884217D0086BF68 /* ContentView.swift */,
				32FB0DDD2884217F0086BF68 /* Assets.xcassets */,
				32FB0DDF2884217F0086BF68 /* Preview Content */,
			);
			path = Twitter;
			sourceTree = "<group>";
		};
		32FB0DDF2884217F0086BF68 /* Preview Content */ = {
			isa = PBXGroup;
			children = (
				32FB0DE02884217F0086BF68 /* Preview Assets.xcassets */,
			);
			path = "Preview Content";
			sourceTree = "<group>";
		};
		32FB0DE7288421990086BF68 /* Extensions */ = {
			isa = PBXGroup;
			children = (
			);
			path = Extensions;
			sourceTree = "<group>";
		};
		32FB0DE8288421AD0086BF68 /* Model */ = {
			isa = PBXGroup;
			children = (
			);
			path = Model;
			sourceTree = "<group>";
		};
		32FB0DEA288421CE0086BF68 /* Service */ = {
			isa = PBXGroup;
			children = (
			);
			path = Service;
			sourceTree = "<group>";
		};
		32FB0DEB288421DB0086BF68 /* Core */ = {
			isa = PBXGroup;
			children = (
				32FB0E17288583E60086BF68 /* ComposeTweet */,
				32FB0E0C2884628D0086BF68 /* SideMenu */,
				32FB0E0228842D1D0086BF68 /* Messages */,
				32FB0DFB28842CAF0086BF68 /* Profile */,
				32FB0DFA28842CA50086BF68 /* Notifications */,
				32FB0DF928842C950086BF68 /* Explore */,
				32FB0DF628842B380086BF68 /* MainTab */,
				32FB0DED288421E90086BF68 /* Components */,
				32FB0DEC288421E20086BF68 /* Feed */,
			);
			path = Core;
			sourceTree = "<group>";
		};
		32FB0DEC288421E20086BF68 /* Feed */ = {
			isa = PBXGroup;
			children = (
				32FB0DEF288422270086BF68 /* ViewModels */,
				32FB0DEE288422200086BF68 /* View */,
			);
			path = Feed;
			sourceTree = "<group>";
		};
		32FB0DED288421E90086BF68 /* Components */ = {
			isa = PBXGroup;
			children = (
				32FB0E09288455CC0086BF68 /* Users */,
				32FB0DF2288423350086BF68 /* Tweets */,
			);
			path = Components;
			sourceTree = "<group>";
		};
		32FB0DEE288422200086BF68 /* View */ = {
			isa = PBXGroup;
			children = (
				32FB0DF02884224A0086BF68 /* FeedView.swift */,
			);
			path = View;
			sourceTree = "<group>";
		};
		32FB0DEF288422270086BF68 /* ViewModels */ = {
			isa = PBXGroup;
			children = (
			);
			path = ViewModels;
			sourceTree = "<group>";
		};
		32FB0DF2288423350086BF68 /* Tweets */ = {
			isa = PBXGroup;
			children = (
				32FB0DF3288423620086BF68 /* TweetRowView.swift */,
				32FB0E1C288585560086BF68 /* TextArea.swift */,
			);
			path = Tweets;
			sourceTree = "<group>";
		};
		32FB0DF628842B380086BF68 /* MainTab */ = {
			isa = PBXGroup;
			children = (
				32FB0DF728842B4E0086BF68 /* MainTabView.swift */,
			);
			path = MainTab;
			sourceTree = "<group>";
		};
		32FB0DF928842C950086BF68 /* Explore */ = {
			isa = PBXGroup;
			children = (
				32FB0E08288455860086BF68 /* ViewModels */,
				32FB0E07288455730086BF68 /* View */,
			);
			path = Explore;
			sourceTree = "<group>";
		};
		32FB0DFA28842CA50086BF68 /* Notifications */ = {
			isa = PBXGroup;
			children = (
				32FB0DFE28842CF50086BF68 /* NotificationView.swift */,
			);
			path = Notifications;
			sourceTree = "<group>";
		};
		32FB0DFB28842CAF0086BF68 /* Profile */ = {
			isa = PBXGroup;
			children = (
				32FB0E0428842EC40086BF68 /* Views */,
				32FB0E0328842EBD0086BF68 /* ViewModels */,
			);
			path = Profile;
			sourceTree = "<group>";
		};
		32FB0E0228842D1D0086BF68 /* Messages */ = {
			isa = PBXGroup;
			children = (
			);
			path = Messages;
			sourceTree = "<group>";
		};
		32FB0E0328842EBD0086BF68 /* ViewModels */ = {
			isa = PBXGroup;
			children = (
				32FB0E05288447420086BF68 /* TweetFilterViewModel.swift */,
			);
			path = ViewModels;
			sourceTree = "<group>";
		};
		32FB0E0428842EC40086BF68 /* Views */ = {
			isa = PBXGroup;
			children = (
				32FB0E0028842D100086BF68 /* ProfileView.swift */,
			);
			path = Views;
			sourceTree = "<group>";
		};
		32FB0E07288455730086BF68 /* View */ = {
			isa = PBXGroup;
			children = (
				32FB0DFC28842CD50086BF68 /* ExploreView.swift */,
			);
			path = View;
			sourceTree = "<group>";
		};
		32FB0E08288455860086BF68 /* ViewModels */ = {
			isa = PBXGroup;
			children = (
			);
			path = ViewModels;
			sourceTree = "<group>";
		};
		32FB0E09288455CC0086BF68 /* Users */ = {
			isa = PBXGroup;
			children = (
				32FB0E0A288455E00086BF68 /* UserRowView.swift */,
				32FB0E152884A95D0086BF68 /* UserStatsView.swift */,
			);
			path = Users;
			sourceTree = "<group>";
		};
		32FB0E0C2884628D0086BF68 /* SideMenu */ = {
			isa = PBXGroup;
			children = (
				32FB0E0E288462A60086BF68 /* ViewModel */,
				32FB0E0D288462A00086BF68 /* Views */,
			);
			path = SideMenu;
			sourceTree = "<group>";
		};
		32FB0E0D288462A00086BF68 /* Views */ = {
			isa = PBXGroup;
			children = (
				32FB0E0F288462C30086BF68 /* SideMenuView.swift */,
				32FB0E11288462DA0086BF68 /* SideMenuOptionsView.swift */,
			);
			path = Views;
			sourceTree = "<group>";
		};
		32FB0E0E288462A60086BF68 /* ViewModel */ = {
			isa = PBXGroup;
			children = (
				32FB0E13288462EA0086BF68 /* SideMenuViewModel.swift */,
			);
			path = ViewModel;
			sourceTree = "<group>";
		};
		32FB0E17288583E60086BF68 /* ComposeTweet */ = {
			isa = PBXGroup;
			children = (
				32FB0E19288584080086BF68 /* ViewModels */,
				32FB0E18288584020086BF68 /* Views */,
			);
			path = ComposeTweet;
			sourceTree = "<group>";
		};
		32FB0E18288584020086BF68 /* Views */ = {
			isa = PBXGroup;
			children = (
				32FB0E1A2885841C0086BF68 /* NewTweetView.swift */,
			);
			path = Views;
			sourceTree = "<group>";
		};
		32FB0E19288584080086BF68 /* ViewModels */ = {
			isa = PBXGroup;
			children = (
			);
			path = ViewModels;
			sourceTree = "<group>";
		};
/* End PBXGroup section */

/* Begin PBXNativeTarget section */
		32FB0DD52884217D0086BF68 /* Twitter */ = {
			isa = PBXNativeTarget;
			buildConfigurationList = 32FB0DE42884217F0086BF68 /* Build configuration list for PBXNativeTarget "Twitter" */;
			buildPhases = (
				32FB0DD22884217D0086BF68 /* Sources */,
				32FB0DD32884217D0086BF68 /* Frameworks */,
				32FB0DD42884217D0086BF68 /* Resources */,
			);
			buildRules = (
			);
			dependencies = (
			);
			name = Twitter;
			productName = Twitter;
			productReference = 32FB0DD62884217D0086BF68 /* Twitter.app */;
			productType = "com.apple.product-type.application";
		};
/* End PBXNativeTarget section */

/* Begin PBXProject section */
		32FB0DCE2884217D0086BF68 /* Project object */ = {
			isa = PBXProject;
			attributes = {
				BuildIndependentTargetsInParallel = 1;
				LastSwiftUpdateCheck = 1330;
				LastUpgradeCheck = 1330;
				TargetAttributes = {
					32FB0DD52884217D0086BF68 = {
						CreatedOnToolsVersion = 13.3.1;
					};
				};
			};
			buildConfigurationList = 32FB0DD12884217D0086BF68 /* Build configuration list for PBXProject "Twitter" */;
			compatibilityVersion = "Xcode 13.0";
			developmentRegion = en;
			hasScannedForEncodings = 0;
			knownRegions = (
				en,
				Base,
			);
			mainGroup = 32FB0DCD2884217D0086BF68;
			productRefGroup = 32FB0DD72884217D0086BF68 /* Products */;
			projectDirPath = "";
			projectRoot = "";
			targets = (
				32FB0DD52884217D0086BF68 /* Twitter */,
			);
		};
/* End PBXProject section */

/* Begin PBXResourcesBuildPhase section */
		32FB0DD42884217D0086BF68 /* Resources */ = {
			isa = PBXResourcesBuildPhase;
			buildActionMask = 2147483647;
			files = (
				32FB0DE12884217F0086BF68 /* Preview Assets.xcassets in Resources */,
				32FB0DDE2884217F0086BF68 /* Assets.xcassets in Resources */,
			);
			runOnlyForDeploymentPostprocessing = 0;
		};
/* End PBXResourcesBuildPhase section */

/* Begin PBXSourcesBuildPhase section */
		32FB0DD22884217D0086BF68 /* Sources */ = {
			isa = PBXSourcesBuildPhase;
			buildActionMask = 2147483647;
			files = (
				32FB0E0128842D100086BF68 /* ProfileView.swift in Sources */,
				32FB0DDC2884217D0086BF68 /* ContentView.swift in Sources */,
				32FB0DF4288423630086BF68 /* TweetRowView.swift in Sources */,
				32FB0DFF28842CF50086BF68 /* NotificationView.swift in Sources */,
				32FB0E10288462C30086BF68 /* SideMenuView.swift in Sources */,
				32FB0DF12884224A0086BF68 /* FeedView.swift in Sources */,
				32FB0DDA2884217D0086BF68 /* TwitterApp.swift in Sources */,
				32FB0E1D288585560086BF68 /* TextArea.swift in Sources */,
				32FB0E1B2885841C0086BF68 /* NewTweetView.swift in Sources */,
				32FB0E162884A95D0086BF68 /* UserStatsView.swift in Sources */,
				32FB0E0B288455E00086BF68 /* UserRowView.swift in Sources */,
				32FB0E14288462EA0086BF68 /* SideMenuViewModel.swift in Sources */,
				32FB0E06288447420086BF68 /* TweetFilterViewModel.swift in Sources */,
				32FB0E12288462DA0086BF68 /* SideMenuOptionsView.swift in Sources */,
				32FB0DFD28842CD50086BF68 /* ExploreView.swift in Sources */,
				32FB0DF828842B4E0086BF68 /* MainTabView.swift in Sources */,
			);
			runOnlyForDeploymentPostprocessing = 0;
		};
/* End PBXSourcesBuildPhase section */

/* Begin XCBuildConfiguration section */
		32FB0DE22884217F0086BF68 /* Debug */ = {
			isa = XCBuildConfiguration;
			buildSettings = {
				ALWAYS_SEARCH_USER_PATHS = NO;
				CLANG_ANALYZER_NONNULL = YES;
				CLANG_ANALYZER_NUMBER_OBJECT_CONVERSION = YES_AGGRESSIVE;
				CLANG_CXX_LANGUAGE_STANDARD = "gnu++17";
				CLANG_ENABLE_MODULES = YES;
				CLANG_ENABLE_OBJC_ARC = YES;
				CLANG_ENABLE_OBJC_WEAK = YES;
				CLANG_WARN_BLOCK_CAPTURE_AUTORELEASING = YES;
				CLANG_WARN_BOOL_CONVERSION = YES;
				CLANG_WARN_COMMA = YES;
				CLANG_WARN_CONSTANT_CONVERSION = YES;
				CLANG_WARN_DEPRECATED_OBJC_IMPLEMENTATIONS = YES;
				CLANG_WARN_DIRECT_OBJC_ISA_USAGE = YES_ERROR;
				CLANG_WARN_DOCUMENTATION_COMMENTS = YES;
				CLANG_WARN_EMPTY_BODY = YES;
				CLANG_WARN_ENUM_CONVERSION = YES;
				CLANG_WARN_INFINITE_RECURSION = YES;
				CLANG_WARN_INT_CONVERSION = YES;
				CLANG_WARN_NON_LITERAL_NULL_CONVERSION = YES;
				CLANG_WARN_OBJC_IMPLICIT_RETAIN_SELF = YES;
				CLANG_WARN_OBJC_LITERAL_CONVERSION = YES;
				CLANG_WARN_OBJC_ROOT_CLASS = YES_ERROR;
				CLANG_WARN_QUOTED_INCLUDE_IN_FRAMEWORK_HEADER = YES;
				CLANG_WARN_RANGE_LOOP_ANALYSIS = YES;
				CLANG_WARN_STRICT_PROTOTYPES = YES;
				CLANG_WARN_SUSPICIOUS_MOVE = YES;
				CLANG_WARN_UNGUARDED_AVAILABILITY = YES_AGGRESSIVE;
				CLANG_WARN_UNREACHABLE_CODE = YES;
				CLANG_WARN__DUPLICATE_METHOD_MATCH = YES;
				COPY_PHASE_STRIP = NO;
				DEBUG_INFORMATION_FORMAT = dwarf;
				ENABLE_STRICT_OBJC_MSGSEND = YES;
				ENABLE_TESTABILITY = YES;
				GCC_C_LANGUAGE_STANDARD = gnu11;
				GCC_DYNAMIC_NO_PIC = NO;
				GCC_NO_COMMON_BLOCKS = YES;
				GCC_OPTIMIZATION_LEVEL = 0;
				GCC_PREPROCESSOR_DEFINITIONS = (
					"DEBUG=1",
					"$(inherited)",
				);
				GCC_WARN_64_TO_32_BIT_CONVERSION = YES;
				GCC_WARN_ABOUT_RETURN_TYPE = YES_ERROR;
				GCC_WARN_UNDECLARED_SELECTOR = YES;
				GCC_WARN_UNINITIALIZED_AUTOS = YES_AGGRESSIVE;
				GCC_WARN_UNUSED_FUNCTION = YES;
				GCC_WARN_UNUSED_VARIABLE = YES;
				IPHONEOS_DEPLOYMENT_TARGET = 15.4;
				MTL_ENABLE_DEBUG_INFO = INCLUDE_SOURCE;
				MTL_FAST_MATH = YES;
				ONLY_ACTIVE_ARCH = YES;
				SDKROOT = iphoneos;
				SWIFT_ACTIVE_COMPILATION_CONDITIONS = DEBUG;
				SWIFT_OPTIMIZATION_LEVEL = "-Onone";
			};
			name = Debug;
		};
		32FB0DE32884217F0086BF68 /* Release */ = {
			isa = XCBuildConfiguration;
			buildSettings = {
				ALWAYS_SEARCH_USER_PATHS = NO;
				CLANG_ANALYZER_NONNULL = YES;
				CLANG_ANALYZER_NUMBER_OBJECT_CONVERSION = YES_AGGRESSIVE;
				CLANG_CXX_LANGUAGE_STANDARD = "gnu++17";
				CLANG_ENABLE_MODULES = YES;
				CLANG_ENABLE_OBJC_ARC = YES;
				CLANG_ENABLE_OBJC_WEAK = YES;
				CLANG_WARN_BLOCK_CAPTURE_AUTORELEASING = YES;
				CLANG_WARN_BOOL_CONVERSION = YES;
				CLANG_WARN_COMMA = YES;
				CLANG_WARN_CONSTANT_CONVERSION = YES;
				CLANG_WARN_DEPRECATED_OBJC_IMPLEMENTATIONS = YES;
				CLANG_WARN_DIRECT_OBJC_ISA_USAGE = YES_ERROR;
				CLANG_WARN_DOCUMENTATION_COMMENTS = YES;
				CLANG_WARN_EMPTY_BODY = YES;
				CLANG_WARN_ENUM_CONVERSION = YES;
				CLANG_WARN_INFINITE_RECURSION = YES;
				CLANG_WARN_INT_CONVERSION = YES;
				CLANG_WARN_NON_LITERAL_NULL_CONVERSION = YES;
				CLANG_WARN_OBJC_IMPLICIT_RETAIN_SELF = YES;
				CLANG_WARN_OBJC_LITERAL_CONVERSION = YES;
				CLANG_WARN_OBJC_ROOT_CLASS = YES_ERROR;
				CLANG_WARN_QUOTED_INCLUDE_IN_FRAMEWORK_HEADER = YES;
				CLANG_WARN_RANGE_LOOP_ANALYSIS = YES;
				CLANG_WARN_STRICT_PROTOTYPES = YES;
				CLANG_WARN_SUSPICIOUS_MOVE = YES;
				CLANG_WARN_UNGUARDED_AVAILABILITY = YES_AGGRESSIVE;
				CLANG_WARN_UNREACHABLE_CODE = YES;
				CLANG_WARN__DUPLICATE_METHOD_MATCH = YES;
				COPY_PHASE_STRIP = NO;
				DEBUG_INFORMATION_FORMAT = "dwarf-with-dsym";
				ENABLE_NS_ASSERTIONS = NO;
				ENABLE_STRICT_OBJC_MSGSEND = YES;
				GCC_C_LANGUAGE_STANDARD = gnu11;
				GCC_NO_COMMON_BLOCKS = YES;
				GCC_WARN_64_TO_32_BIT_CONVERSION = YES;
				GCC_WARN_ABOUT_RETURN_TYPE = YES_ERROR;
				GCC_WARN_UNDECLARED_SELECTOR = YES;
				GCC_WARN_UNINITIALIZED_AUTOS = YES_AGGRESSIVE;
				GCC_WARN_UNUSED_FUNCTION = YES;
				GCC_WARN_UNUSED_VARIABLE = YES;
				IPHONEOS_DEPLOYMENT_TARGET = 15.4;
				MTL_ENABLE_DEBUG_INFO = NO;
				MTL_FAST_MATH = YES;
				SDKROOT = iphoneos;
				SWIFT_COMPILATION_MODE = wholemodule;
				SWIFT_OPTIMIZATION_LEVEL = "-O";
				VALIDATE_PRODUCT = YES;
			};
			name = Release;
		};
		32FB0DE52884217F0086BF68 /* Debug */ = {
			isa = XCBuildConfiguration;
			buildSettings = {
				ASSETCATALOG_COMPILER_APPICON_NAME = AppIcon;
				ASSETCATALOG_COMPILER_GLOBAL_ACCENT_COLOR_NAME = AccentColor;
				CODE_SIGN_STYLE = Automatic;
				CURRENT_PROJECT_VERSION = 1;
				DEVELOPMENT_ASSET_PATHS = "\"Twitter/Preview Content\"";
				DEVELOPMENT_TEAM = 8U63ZP8KK6;
				ENABLE_PREVIEWS = YES;
				GENERATE_INFOPLIST_FILE = YES;
				INFOPLIST_KEY_UIApplicationSceneManifest_Generation = YES;
				INFOPLIST_KEY_UIApplicationSupportsIndirectInputEvents = YES;
				INFOPLIST_KEY_UILaunchScreen_Generation = YES;
				INFOPLIST_KEY_UISupportedInterfaceOrientations_iPad = "UIInterfaceOrientationPortrait UIInterfaceOrientationPortraitUpsideDown UIInterfaceOrientationLandscapeLeft UIInterfaceOrientationLandscapeRight";
				INFOPLIST_KEY_UISupportedInterfaceOrientations_iPhone = "UIInterfaceOrientationPortrait UIInterfaceOrientationLandscapeLeft UIInterfaceOrientationLandscapeRight";
				LD_RUNPATH_SEARCH_PATHS = (
					"$(inherited)",
					"@executable_path/Frameworks",
				);
				MARKETING_VERSION = 1.0;
				PRODUCT_BUNDLE_IDENTIFIER = com.jasondubon.Twitter;
				PRODUCT_NAME = "$(TARGET_NAME)";
				SWIFT_EMIT_LOC_STRINGS = YES;
				SWIFT_VERSION = 5.0;
				TARGETED_DEVICE_FAMILY = "1,2";
			};
			name = Debug;
		};
		32FB0DE62884217F0086BF68 /* Release */ = {
			isa = XCBuildConfiguration;
			buildSettings = {
				ASSETCATALOG_COMPILER_APPICON_NAME = AppIcon;
				ASSETCATALOG_COMPILER_GLOBAL_ACCENT_COLOR_NAME = AccentColor;
				CODE_SIGN_STYLE = Automatic;
				CURRENT_PROJECT_VERSION = 1;
				DEVELOPMENT_ASSET_PATHS = "\"Twitter/Preview Content\"";
				DEVELOPMENT_TEAM = 8U63ZP8KK6;
				ENABLE_PREVIEWS = YES;
				GENERATE_INFOPLIST_FILE = YES;
				INFOPLIST_KEY_UIApplicationSceneManifest_Generation = YES;
				INFOPLIST_KEY_UIApplicationSupportsIndirectInputEvents = YES;
				INFOPLIST_KEY_UILaunchScreen_Generation = YES;
				INFOPLIST_KEY_UISupportedInterfaceOrientations_iPad = "UIInterfaceOrientationPortrait UIInterfaceOrientationPortraitUpsideDown UIInterfaceOrientationLandscapeLeft UIInterfaceOrientationLandscapeRight";
				INFOPLIST_KEY_UISupportedInterfaceOrientations_iPhone = "UIInterfaceOrientationPortrait UIInterfaceOrientationLandscapeLeft UIInterfaceOrientationLandscapeRight";
				LD_RUNPATH_SEARCH_PATHS = (
					"$(inherited)",
					"@executable_path/Frameworks",
				);
				MARKETING_VERSION = 1.0;
				PRODUCT_BUNDLE_IDENTIFIER = com.jasondubon.Twitter;
				PRODUCT_NAME = "$(TARGET_NAME)";
				SWIFT_EMIT_LOC_STRINGS = YES;
				SWIFT_VERSION = 5.0;
				TARGETED_DEVICE_FAMILY = "1,2";
			};
			name = Release;
		};
/* End XCBuildConfiguration section */

/* Begin XCConfigurationList section */
		32FB0DD12884217D0086BF68 /* Build configuration list for PBXProject "Twitter" */ = {
			isa = XCConfigurationList;
			buildConfigurations = (
				32FB0DE22884217F0086BF68 /* Debug */,
				32FB0DE32884217F0086BF68 /* Release */,
			);
			defaultConfigurationIsVisible = 0;
			defaultConfigurationName = Release;
		};
		32FB0DE42884217F0086BF68 /* Build configuration list for PBXNativeTarget "Twitter" */ = {
			isa = XCConfigurationList;
			buildConfigurations = (
				32FB0DE52884217F0086BF68 /* Debug */,
				32FB0DE62884217F0086BF68 /* Release */,
			);
			defaultConfigurationIsVisible = 0;
			defaultConfigurationName = Release;
		};
/* End XCConfigurationList section */
	};
	rootObject = 32FB0DCE2884217D0086BF68 /* Project object */;
}
